// !$*UTF8*$!
{
	archiveVersion = 1;
	classes = {
	};
	objectVersion = 46;
	objects = {

/* Begin PBXBuildFile section */
		855F89D51EFD7EFE007D2485 /* main.m in Sources */ = {isa = PBXBuildFile; fileRef = 855F89D41EFD7EFE007D2485 /* main.m */; };
		855F89D81EFD7EFE007D2485 /* AppDelegate.m in Sources */ = {isa = PBXBuildFile; fileRef = 855F89D71EFD7EFE007D2485 /* AppDelegate.m */; };
		855F89DB1EFD7EFE007D2485 /* ViewController.m in Sources */ = {isa = PBXBuildFile; fileRef = 855F89DA1EFD7EFE007D2485 /* ViewController.m */; };
		855F89DE1EFD7EFE007D2485 /* Main.storyboard in Resources */ = {isa = PBXBuildFile; fileRef = 855F89DC1EFD7EFE007D2485 /* Main.storyboard */; };
		855F89E01EFD7EFE007D2485 /* Assets.xcassets in Resources */ = {isa = PBXBuildFile; fileRef = 855F89DF1EFD7EFE007D2485 /* Assets.xcassets */; };
		855F89E31EFD7EFE007D2485 /* LaunchScreen.storyboard in Resources */ = {isa = PBXBuildFile; fileRef = 855F89E11EFD7EFE007D2485 /* LaunchScreen.storyboard */; };
		855F8A1D1EFD7F60007D2485 /* NSBundle+ELAdd.m in Sources */ = {isa = PBXBuildFile; fileRef = 855F8A0B1EFD7F60007D2485 /* NSBundle+ELAdd.m */; };
		855F8A1E1EFD7F60007D2485 /* NSString+ELAdd.m in Sources */ = {isa = PBXBuildFile; fileRef = 855F8A0E1EFD7F60007D2485 /* NSString+ELAdd.m */; };
		855F8A1F1EFD7F60007D2485 /* NSString+ELQRCode.m in Sources */ = {isa = PBXBuildFile; fileRef = 855F8A101EFD7F60007D2485 /* NSString+ELQRCode.m */; };
		855F8A201EFD7F60007D2485 /* UIAlertController+ELAdd.m in Sources */ = {isa = PBXBuildFile; fileRef = 855F8A131EFD7F60007D2485 /* UIAlertController+ELAdd.m */; };
		855F8A211EFD7F60007D2485 /* UIApplication+ELAdd.m in Sources */ = {isa = PBXBuildFile; fileRef = 855F8A161EFD7F60007D2485 /* UIApplication+ELAdd.m */; };
		855F8A221EFD7F60007D2485 /* UIButton+ELAdd.m in Sources */ = {isa = PBXBuildFile; fileRef = 855F8A191EFD7F60007D2485 /* UIButton+ELAdd.m */; };
		855F8A231EFD7F60007D2485 /* UIView+ELAdd.m in Sources */ = {isa = PBXBuildFile; fileRef = 855F8A1C1EFD7F60007D2485 /* UIView+ELAdd.m */; };
/* End PBXBuildFile section */

/* Begin PBXFileReference section */
		855F89D01EFD7EFE007D2485 /* iOSCategory.app */ = {isa = PBXFileReference; explicitFileType = wrapper.application; includeInIndex = 0; path = iOSCategory.app; sourceTree = BUILT_PRODUCTS_DIR; };
		855F89D41EFD7EFE007D2485 /* main.m */ = {isa = PBXFileReference; lastKnownFileType = sourcecode.c.objc; path = main.m; sourceTree = "<group>"; };
		855F89D61EFD7EFE007D2485 /* AppDelegate.h */ = {isa = PBXFileReference; lastKnownFileType = sourcecode.c.h; path = AppDelegate.h; sourceTree = "<group>"; };
		855F89D71EFD7EFE007D2485 /* AppDelegate.m */ = {isa = PBXFileReference; lastKnownFileType = sourcecode.c.objc; path = AppDelegate.m; sourceTree = "<group>"; };
		855F89D91EFD7EFE007D2485 /* ViewController.h */ = {isa = PBXFileReference; lastKnownFileType = sourcecode.c.h; path = ViewController.h; sourceTree = "<group>"; };
		855F89DA1EFD7EFE007D2485 /* ViewController.m */ = {isa = PBXFileReference; lastKnownFileType = sourcecode.c.objc; path = ViewController.m; sourceTree = "<group>"; };
		855F89DD1EFD7EFE007D2485 /* Base */ = {isa = PBXFileReference; lastKnownFileType = file.storyboard; name = Base; path = Base.lproj/Main.storyboard; sourceTree = "<group>"; };
		855F89DF1EFD7EFE007D2485 /* Assets.xcassets */ = {isa = PBXFileReference; lastKnownFileType = folder.assetcatalog; path = Assets.xcassets; sourceTree = "<group>"; };
		855F89E21EFD7EFE007D2485 /* Base */ = {isa = PBXFileReference; lastKnownFileType = file.storyboard; name = Base; path = Base.lproj/LaunchScreen.storyboard; sourceTree = "<group>"; };
		855F89E41EFD7EFE007D2485 /* Info.plist */ = {isa = PBXFileReference; lastKnownFileType = text.plist.xml; path = Info.plist; sourceTree = "<group>"; };
		855F8A081EFD7F60007D2485 /* ELCategories.h */ = {isa = PBXFileReference; fileEncoding = 4; lastKnownFileType = sourcecode.c.h; path = ELCategories.h; sourceTree = "<group>"; };
		855F8A0A1EFD7F60007D2485 /* NSBundle+ELAdd.h */ = {isa = PBXFileReference; fileEncoding = 4; lastKnownFileType = sourcecode.c.h; path = "NSBundle+ELAdd.h"; sourceTree = "<group>"; };
		855F8A0B1EFD7F60007D2485 /* NSBundle+ELAdd.m */ = {isa = PBXFileReference; fileEncoding = 4; lastKnownFileType = sourcecode.c.objc; path = "NSBundle+ELAdd.m"; sourceTree = "<group>"; };
		855F8A0D1EFD7F60007D2485 /* NSString+ELAdd.h */ = {isa = PBXFileReference; fileEncoding = 4; lastKnownFileType = sourcecode.c.h; path = "NSString+ELAdd.h"; sourceTree = "<group>"; };
		855F8A0E1EFD7F60007D2485 /* NSString+ELAdd.m */ = {isa = PBXFileReference; fileEncoding = 4; lastKnownFileType = sourcecode.c.objc; path = "NSString+ELAdd.m"; sourceTree = "<group>"; };
		855F8A0F1EFD7F60007D2485 /* NSString+ELQRCode.h */ = {isa = PBXFileReference; fileEncoding = 4; lastKnownFileType = sourcecode.c.h; path = "NSString+ELQRCode.h"; sourceTree = "<group>"; };
		855F8A101EFD7F60007D2485 /* NSString+ELQRCode.m */ = {isa = PBXFileReference; fileEncoding = 4; lastKnownFileType = sourcecode.c.objc; path = "NSString+ELQRCode.m"; sourceTree = "<group>"; };
		855F8A121EFD7F60007D2485 /* UIAlertController+ELAdd.h */ = {isa = PBXFileReference; fileEncoding = 4; lastKnownFileType = sourcecode.c.h; path = "UIAlertController+ELAdd.h"; sourceTree = "<group>"; };
		855F8A131EFD7F60007D2485 /* UIAlertController+ELAdd.m */ = {isa = PBXFileReference; fileEncoding = 4; lastKnownFileType = sourcecode.c.objc; path = "UIAlertController+ELAdd.m"; sourceTree = "<group>"; };
		855F8A151EFD7F60007D2485 /* UIApplication+ELAdd.h */ = {isa = PBXFileReference; fileEncoding = 4; lastKnownFileType = sourcecode.c.h; path = "UIApplication+ELAdd.h"; sourceTree = "<group>"; };
		855F8A161EFD7F60007D2485 /* UIApplication+ELAdd.m */ = {isa = PBXFileReference; fileEncoding = 4; lastKnownFileType = sourcecode.c.objc; path = "UIApplication+ELAdd.m"; sourceTree = "<group>"; };
		855F8A181EFD7F60007D2485 /* UIButton+ELAdd.h */ = {isa = PBXFileReference; fileEncoding = 4; lastKnownFileType = sourcecode.c.h; path = "UIButton+ELAdd.h"; sourceTree = "<group>"; };
		855F8A191EFD7F60007D2485 /* UIButton+ELAdd.m */ = {isa = PBXFileReference; fileEncoding = 4; lastKnownFileType = sourcecode.c.objc; path = "UIButton+ELAdd.m"; sourceTree = "<group>"; };
		855F8A1B1EFD7F60007D2485 /* UIView+ELAdd.h */ = {isa = PBXFileReference; fileEncoding = 4; lastKnownFileType = sourcecode.c.h; path = "UIView+ELAdd.h"; sourceTree = "<group>"; };
		855F8A1C1EFD7F60007D2485 /* UIView+ELAdd.m */ = {isa = PBXFileReference; fileEncoding = 4; lastKnownFileType = sourcecode.c.objc; path = "UIView+ELAdd.m"; sourceTree = "<group>"; };
/* End PBXFileReference section */

/* Begin PBXFrameworksBuildPhase section */
		855F89CD1EFD7EFE007D2485 /* Frameworks */ = {
			isa = PBXFrameworksBuildPhase;
			buildActionMask = 2147483647;
			files = (
			);
			runOnlyForDeploymentPostprocessing = 0;
		};
/* End PBXFrameworksBuildPhase section */

/* Begin PBXGroup section */
		855F89C71EFD7EFE007D2485 = {
			isa = PBXGroup;
			children = (
				855F8A071EFD7F60007D2485 /* Categories */,
				855F89D21EFD7EFE007D2485 /* iOSCategory */,
				855F89D11EFD7EFE007D2485 /* Products */,
			);
			sourceTree = "<group>";
		};
		855F89D11EFD7EFE007D2485 /* Products */ = {
			isa = PBXGroup;
			children = (
				855F89D01EFD7EFE007D2485 /* iOSCategory.app */,
			);
			name = Products;
			sourceTree = "<group>";
		};
		855F89D21EFD7EFE007D2485 /* iOSCategory */ = {
			isa = PBXGroup;
			children = (
				855F89D61EFD7EFE007D2485 /* AppDelegate.h */,
				855F89D71EFD7EFE007D2485 /* AppDelegate.m */,
				855F89D91EFD7EFE007D2485 /* ViewController.h */,
				855F89DA1EFD7EFE007D2485 /* ViewController.m */,
				855F89DC1EFD7EFE007D2485 /* Main.storyboard */,
				855F89DF1EFD7EFE007D2485 /* Assets.xcassets */,
				855F89E11EFD7EFE007D2485 /* LaunchScreen.storyboard */,
				855F89E41EFD7EFE007D2485 /* Info.plist */,
				855F89D31EFD7EFE007D2485 /* Supporting Files */,
			);
			path = iOSCategory;
			sourceTree = "<group>";
		};
		855F89D31EFD7EFE007D2485 /* Supporting Files */ = {
			isa = PBXGroup;
			children = (
				855F89D41EFD7EFE007D2485 /* main.m */,
			);
			name = "Supporting Files";
			sourceTree = "<group>";
		};
		855F8A071EFD7F60007D2485 /* Categories */ = {
			isa = PBXGroup;
			children = (
				855F8A081EFD7F60007D2485 /* ELCategories.h */,
				855F8A091EFD7F60007D2485 /* NSBundle */,
				855F8A0C1EFD7F60007D2485 /* NSString */,
				855F8A111EFD7F60007D2485 /* UIAlertController */,
				855F8A141EFD7F60007D2485 /* UIApplication */,
				855F8A171EFD7F60007D2485 /* UIButton */,
				855F8A1A1EFD7F60007D2485 /* UIView */,
			);
			path = Categories;
			sourceTree = "<group>";
		};
		855F8A091EFD7F60007D2485 /* NSBundle */ = {
			isa = PBXGroup;
			children = (
				855F8A0A1EFD7F60007D2485 /* NSBundle+ELAdd.h */,
				855F8A0B1EFD7F60007D2485 /* NSBundle+ELAdd.m */,
			);
			path = NSBundle;
			sourceTree = "<group>";
		};
		855F8A0C1EFD7F60007D2485 /* NSString */ = {
			isa = PBXGroup;
			children = (
				855F8A0D1EFD7F60007D2485 /* NSString+ELAdd.h */,
				855F8A0E1EFD7F60007D2485 /* NSString+ELAdd.m */,
				855F8A0F1EFD7F60007D2485 /* NSString+ELQRCode.h */,
				855F8A101EFD7F60007D2485 /* NSString+ELQRCode.m */,
			);
			path = NSString;
			sourceTree = "<group>";
		};
		855F8A111EFD7F60007D2485 /* UIAlertController */ = {
			isa = PBXGroup;
			children = (
				855F8A121EFD7F60007D2485 /* UIAlertController+ELAdd.h */,
				855F8A131EFD7F60007D2485 /* UIAlertController+ELAdd.m */,
			);
			path = UIAlertController;
			sourceTree = "<group>";
		};
		855F8A141EFD7F60007D2485 /* UIApplication */ = {
			isa = PBXGroup;
			children = (
				855F8A151EFD7F60007D2485 /* UIApplication+ELAdd.h */,
				855F8A161EFD7F60007D2485 /* UIApplication+ELAdd.m */,
			);
			path = UIApplication;
			sourceTree = "<group>";
		};
		855F8A171EFD7F60007D2485 /* UIButton */ = {
			isa = PBXGroup;
			children = (
				855F8A181EFD7F60007D2485 /* UIButton+ELAdd.h */,
				855F8A191EFD7F60007D2485 /* UIButton+ELAdd.m */,
			);
			path = UIButton;
			sourceTree = "<group>";
		};
		855F8A1A1EFD7F60007D2485 /* UIView */ = {
			isa = PBXGroup;
			children = (
				855F8A1B1EFD7F60007D2485 /* UIView+ELAdd.h */,
				855F8A1C1EFD7F60007D2485 /* UIView+ELAdd.m */,
			);
			path = UIView;
			sourceTree = "<group>";
		};
/* End PBXGroup section */

/* Begin PBXNativeTarget section */
		855F89CF1EFD7EFE007D2485 /* iOSCategory */ = {
			isa = PBXNativeTarget;
			buildConfigurationList = 855F89E71EFD7EFE007D2485 /* Build configuration list for PBXNativeTarget "iOSCategory" */;
			buildPhases = (
				855F89CC1EFD7EFE007D2485 /* Sources */,
				855F89CD1EFD7EFE007D2485 /* Frameworks */,
				855F89CE1EFD7EFE007D2485 /* Resources */,
			);
			buildRules = (
			);
			dependencies = (
			);
			name = iOSCategory;
			productName = iOSCategory;
			productReference = 855F89D01EFD7EFE007D2485 /* iOSCategory.app */;
			productType = "com.apple.product-type.application";
		};
/* End PBXNativeTarget section */

/* Begin PBXProject section */
		855F89C81EFD7EFE007D2485 /* Project object */ = {
			isa = PBXProject;
			attributes = {
				LastUpgradeCheck = 0830;
				ORGANIZATIONNAME = famulei;
				TargetAttributes = {
					855F89CF1EFD7EFE007D2485 = {
						CreatedOnToolsVersion = 8.3.3;
						ProvisioningStyle = Automatic;
					};
				};
			};
			buildConfigurationList = 855F89CB1EFD7EFE007D2485 /* Build configuration list for PBXProject "iOSCategory" */;
			compatibilityVersion = "Xcode 3.2";
			developmentRegion = English;
			hasScannedForEncodings = 0;
			knownRegions = (
				en,
				Base,
			);
			mainGroup = 855F89C71EFD7EFE007D2485;
			productRefGroup = 855F89D11EFD7EFE007D2485 /* Products */;
			projectDirPath = "";
			projectRoot = "";
			targets = (
				855F89CF1EFD7EFE007D2485 /* iOSCategory */,
			);
		};
/* End PBXProject section */

/* Begin PBXResourcesBuildPhase section */
		855F89CE1EFD7EFE007D2485 /* Resources */ = {
			isa = PBXResourcesBuildPhase;
			buildActionMask = 2147483647;
			files = (
				855F89E31EFD7EFE007D2485 /* LaunchScreen.storyboard in Resources */,
				855F89E01EFD7EFE007D2485 /* Assets.xcassets in Resources */,
				855F89DE1EFD7EFE007D2485 /* Main.storyboard in Resources */,
			);
			runOnlyForDeploymentPostprocessing = 0;
		};
/* End PBXResourcesBuildPhase section */

/* Begin PBXSourcesBuildPhase section */
		855F89CC1EFD7EFE007D2485 /* Sources */ = {
			isa = PBXSourcesBuildPhase;
			buildActionMask = 2147483647;
			files = (
				855F89DB1EFD7EFE007D2485 /* ViewController.m in Sources */,
				855F89D81EFD7EFE007D2485 /* AppDelegate.m in Sources */,
				855F8A221EFD7F60007D2485 /* UIButton+ELAdd.m in Sources */,
				855F8A201EFD7F60007D2485 /* UIAlertController+ELAdd.m in Sources */,
				855F8A1D1EFD7F60007D2485 /* NSBundle+ELAdd.m in Sources */,
				855F8A1F1EFD7F60007D2485 /* NSString+ELQRCode.m in Sources */,
				855F89D51EFD7EFE007D2485 /* main.m in Sources */,
				855F8A211EFD7F60007D2485 /* UIApplication+ELAdd.m in Sources */,
				855F8A231EFD7F60007D2485 /* UIView+ELAdd.m in Sources */,
				855F8A1E1EFD7F60007D2485 /* NSString+ELAdd.m in Sources */,
			);
			runOnlyForDeploymentPostprocessing = 0;
		};
/* End PBXSourcesBuildPhase section */

/* Begin PBXVariantGroup section */
		855F89DC1EFD7EFE007D2485 /* Main.storyboard */ = {
			isa = PBXVariantGroup;
			children = (
				855F89DD1EFD7EFE007D2485 /* Base */,
			);
			name = Main.storyboard;
			sourceTree = "<group>";
		};
		855F89E11EFD7EFE007D2485 /* LaunchScreen.storyboard */ = {
			isa = PBXVariantGroup;
			children = (
				855F89E21EFD7EFE007D2485 /* Base */,
			);
			name = LaunchScreen.storyboard;
			sourceTree = "<group>";
		};
/* End PBXVariantGroup section */

/* Begin XCBuildConfiguration section */
		855F89E51EFD7EFE007D2485 /* Debug */ = {
			isa = XCBuildConfiguration;
			buildSettings = {
				ALWAYS_SEARCH_USER_PATHS = NO;
				CLANG_ANALYZER_NONNULL = YES;
				CLANG_ANALYZER_NUMBER_OBJECT_CONVERSION = YES_AGGRESSIVE;
				CLANG_CXX_LANGUAGE_STANDARD = "gnu++0x";
				CLANG_CXX_LIBRARY = "libc++";
				CLANG_ENABLE_MODULES = YES;
				CLANG_ENABLE_OBJC_ARC = YES;
				CLANG_WARN_BOOL_CONVERSION = YES;
				CLANG_WARN_CONSTANT_CONVERSION = YES;
				CLANG_WARN_DIRECT_OBJC_ISA_USAGE = YES_ERROR;
				CLANG_WARN_DOCUMENTATION_COMMENTS = YES;
				CLANG_WARN_EMPTY_BODY = YES;
				CLANG_WARN_ENUM_CONVERSION = YES;
				CLANG_WARN_INFINITE_RECURSION = YES;
				CLANG_WARN_INT_CONVERSION = YES;
				CLANG_WARN_OBJC_ROOT_CLASS = YES_ERROR;
				CLANG_WARN_SUSPICIOUS_MOVE = YES;
				CLANG_WARN_UNREACHABLE_CODE = YES;
				CLANG_WARN__DUPLICATE_METHOD_MATCH = YES;
				"CODE_SIGN_IDENTITY[sdk=iphoneos*]" = "iPhone Developer";
				COPY_PHASE_STRIP = NO;
				DEBUG_INFORMATION_FORMAT = dwarf;
				ENABLE_STRICT_OBJC_MSGSEND = YES;
				ENABLE_TESTABILITY = YES;
				GCC_C_LANGUAGE_STANDARD = gnu99;
				GCC_DYNAMIC_NO_PIC = NO;
				GCC_NO_COMMON_BLOCKS = YES;
				GCC_OPTIMIZATION_LEVEL = 0;
				GCC_PREPROCESSOR_DEFINITIONS = (
					"DEBUG=1",
					"$(inherited)",
				);
				GCC_WARN_64_TO_32_BIT_CONVERSION = YES;
				GCC_WARN_ABOUT_RETURN_TYPE = YES_ERROR;
				GCC_WARN_UNDECLARED_SELECTOR = YES;
				GCC_WARN_UNINITIALIZED_AUTOS = YES_AGGRESSIVE;
				GCC_WARN_UNUSED_FUNCTION = YES;
				GCC_WARN_UNUSED_VARIABLE = YES;
				IPHONEOS_DEPLOYMENT_TARGET = 10.3;
				MTL_ENABLE_DEBUG_INFO = YES;
				ONLY_ACTIVE_ARCH = YES;
				SDKROOT = iphoneos;
			};
			name = Debug;
		};
		855F89E61EFD7EFE007D2485 /* Release */ = {
			isa = XCBuildConfiguration;
			buildSettings = {
				ALWAYS_SEARCH_USER_PATHS = NO;
				CLANG_ANALYZER_NONNULL = YES;
				CLANG_ANALYZER_NUMBER_OBJECT_CONVERSION = YES_AGGRESSIVE;
				CLANG_CXX_LANGUAGE_STANDARD = "gnu++0x";
				CLANG_CXX_LIBRARY = "libc++";
				CLANG_ENABLE_MODULES = YES;
				CLANG_ENABLE_OBJC_ARC = YES;
				CLANG_WARN_BOOL_CONVERSION = YES;
				CLANG_WARN_CONSTANT_CONVERSION = YES;
				CLANG_WARN_DIRECT_OBJC_ISA_USAGE = YES_ERROR;
				CLANG_WARN_DOCUMENTATION_COMMENTS = YES;
				CLANG_WARN_EMPTY_BODY = YES;
				CLANG_WARN_ENUM_CONVERSION = YES;
				CLANG_WARN_INFINITE_RECURSION = YES;
				CLANG_WARN_INT_CONVERSION = YES;
				CLANG_WARN_OBJC_ROOT_CLASS = YES_ERROR;
				CLANG_WARN_SUSPICIOUS_MOVE = YES;
				CLANG_WARN_UNREACHABLE_CODE = YES;
				CLANG_WARN__DUPLICATE_METHOD_MATCH = YES;
				"CODE_SIGN_IDENTITY[sdk=iphoneos*]" = "iPhone Developer";
				COPY_PHASE_STRIP = NO;
				DEBUG_INFORMATION_FORMAT = "dwarf-with-dsym";
				ENABLE_NS_ASSERTIONS = NO;
				ENABLE_STRICT_OBJC_MSGSEND = YES;
				GCC_C_LANGUAGE_STANDARD = gnu99;
				GCC_NO_COMMON_BLOCKS = YES;
				GCC_WARN_64_TO_32_BIT_CONVERSION = YES;
				GCC_WARN_ABOUT_RETURN_TYPE = YES_ERROR;
				GCC_WARN_UNDECLARED_SELECTOR = YES;
				GCC_WARN_UNINITIALIZED_AUTOS = YES_AGGRESSIVE;
				GCC_WARN_UNUSED_FUNCTION = YES;
				GCC_WARN_UNUSED_VARIABLE = YES;
				IPHONEOS_DEPLOYMENT_TARGET = 10.3;
				MTL_ENABLE_DEBUG_INFO = NO;
				SDKROOT = iphoneos;
				VALIDATE_PRODUCT = YES;
			};
			name = Release;
		};
		855F89E81EFD7EFE007D2485 /* Debug */ = {
			isa = XCBuildConfiguration;
			buildSettings = {
				ASSETCATALOG_COMPILER_APPICON_NAME = AppIcon;
				INFOPLIST_FILE = iOSCategory/Info.plist;
				LD_RUNPATH_SEARCH_PATHS = "$(inherited) @executable_path/Frameworks";
				PRODUCT_BUNDLE_IDENTIFIER = famulei.iOSCategory;
				PRODUCT_NAME = "$(TARGET_NAME)";
			};
			name = Debug;
		};
		855F89E91EFD7EFE007D2485 /* Release */ = {
			isa = XCBuildConfiguration;
			buildSettings = {
				ASSETCATALOG_COMPILER_APPICON_NAME = AppIcon;
				INFOPLIST_FILE = iOSCategory/Info.plist;
				LD_RUNPATH_SEARCH_PATHS = "$(inherited) @executable_path/Frameworks";
				PRODUCT_BUNDLE_IDENTIFIER = famulei.iOSCategory;
				PRODUCT_NAME = "$(TARGET_NAME)";
			};
			name = Release;
		};
/* End XCBuildConfiguration section */

/* Begin XCConfigurationList section */
		855F89CB1EFD7EFE007D2485 /* Build configuration list for PBXProject "iOSCategory" */ = {
			isa = XCConfigurationList;
			buildConfigurations = (
				855F89E51EFD7EFE007D2485 /* Debug */,
				855F89E61EFD7EFE007D2485 /* Release */,
			);
			defaultConfigurationIsVisible = 0;
			defaultConfigurationName = Release;
		};
		855F89E71EFD7EFE007D2485 /* Build configuration list for PBXNativeTarget "iOSCategory" */ = {
			isa = XCConfigurationList;
			buildConfigurations = (
				855F89E81EFD7EFE007D2485 /* Debug */,
				855F89E91EFD7EFE007D2485 /* Release */,
			);
			defaultConfigurationIsVisible = 0;
		};
/* End XCConfigurationList section */
	};
	rootObject = 855F89C81EFD7EFE007D2485 /* Project object */;
}
